// !$*UTF8*$!
{
	archiveVersion = 1;
	classes = {
	};
	objectVersion = 56;
	objects = {

/* Begin PBXBuildFile section */
		323B6E872698432C8D230D09 /* HomeInteractorInput.swift in Sources */ = {isa = PBXBuildFile; fileRef = E5A7E7BED870277327F22A15 /* HomeInteractorInput.swift */; };
		51524CBCA2C9598401B2F774 /* HomeModuleInput.swift in Sources */ = {isa = PBXBuildFile; fileRef = 9401EC0CEAD450A1EBA5C0D3 /* HomeModuleInput.swift */; };
		5E405CE07593BBED9E5E41F3 /* HomeRouterInput.swift in Sources */ = {isa = PBXBuildFile; fileRef = E11D6607565E34C18E264ABB /* HomeRouterInput.swift */; };
		6AEF7882E132317BB44075FD /* HomeRouter.swift in Sources */ = {isa = PBXBuildFile; fileRef = F46B01E4EB4BDB140C17F75C /* HomeRouter.swift */; };
		9486D53C83EDDA709733D3C9 /* HomeViewController.swift in Sources */ = {isa = PBXBuildFile; fileRef = 1FCBEC597105BE803BED04A8 /* HomeViewController.swift */; };
		A69884AD2C10E02900170E90 /* AppDelegate.swift in Sources */ = {isa = PBXBuildFile; fileRef = A69884AC2C10E02900170E90 /* AppDelegate.swift */; };
		A69884AF2C10E02900170E90 /* SceneDelegate.swift in Sources */ = {isa = PBXBuildFile; fileRef = A69884AE2C10E02900170E90 /* SceneDelegate.swift */; };
		A69884B12C10E02900170E90 /* ViewController.swift in Sources */ = {isa = PBXBuildFile; fileRef = A69884B02C10E02900170E90 /* ViewController.swift */; };
		A69884B42C10E02900170E90 /* Base in Resources */ = {isa = PBXBuildFile; fileRef = A69884B32C10E02900170E90 /* Base */; };
		A69884B62C10E02B00170E90 /* Assets.xcassets in Resources */ = {isa = PBXBuildFile; fileRef = A69884B52C10E02B00170E90 /* Assets.xcassets */; };
		A69884B92C10E02B00170E90 /* Base in Resources */ = {isa = PBXBuildFile; fileRef = A69884B82C10E02B00170E90 /* Base */; };
		A69884C42C10E02B00170E90 /* IntercamTestTests.swift in Sources */ = {isa = PBXBuildFile; fileRef = A69884C32C10E02B00170E90 /* IntercamTestTests.swift */; };
		A69884CE2C10E02B00170E90 /* IntercamTestUITests.swift in Sources */ = {isa = PBXBuildFile; fileRef = A69884CD2C10E02B00170E90 /* IntercamTestUITests.swift */; };
		A69884D02C10E02B00170E90 /* IntercamTestUITestsLaunchTests.swift in Sources */ = {isa = PBXBuildFile; fileRef = A69884CF2C10E02B00170E90 /* IntercamTestUITestsLaunchTests.swift */; };
		A69884E62C10F4CB00170E90 /* Coortinator.swift in Sources */ = {isa = PBXBuildFile; fileRef = A69884E52C10F4CB00170E90 /* Coortinator.swift */; };
		A69884E82C10F54100170E90 /* MainCoordinator.swift in Sources */ = {isa = PBXBuildFile; fileRef = A69884E72C10F54100170E90 /* MainCoordinator.swift */; };
		A69884EB2C11028900170E90 /* Colors.xcassets in Resources */ = {isa = PBXBuildFile; fileRef = A69884EA2C11028900170E90 /* Colors.xcassets */; };
		A69884EE2C1102F900170E90 /* Color.swift in Sources */ = {isa = PBXBuildFile; fileRef = A69884ED2C1102F900170E90 /* Color.swift */; };
		A69884F12C1103A800170E90 /* UIColor+Extension.swift in Sources */ = {isa = PBXBuildFile; fileRef = A69884F02C1103A800170E90 /* UIColor+Extension.swift */; };
		A69884F42C112EC400170E90 /* LocationServiceDelegate.swift in Sources */ = {isa = PBXBuildFile; fileRef = A69884F32C112EC400170E90 /* LocationServiceDelegate.swift */; };
		A69884F62C112EDC00170E90 /* LocationService.swift in Sources */ = {isa = PBXBuildFile; fileRef = A69884F52C112EDC00170E90 /* LocationService.swift */; };
		A727A9391B56C4D61C6283AF /* HomeInitializer.swift in Sources */ = {isa = PBXBuildFile; fileRef = 133F3CAEF94052A570E64B18 /* HomeInitializer.swift */; };
		B71CEC4FE23443300A3BE53F /* HomePresenter.swift in Sources */ = {isa = PBXBuildFile; fileRef = 0E8891A7A3FBAC86663598FA /* HomePresenter.swift */; };
		BE582FC929CE172EDA683138 /* HomeConfigurator.swift in Sources */ = {isa = PBXBuildFile; fileRef = 97056052DE5C34614943758B /* HomeConfigurator.swift */; };
		C8F768F987B13721627F6C4F /* HomeViewInput.swift in Sources */ = {isa = PBXBuildFile; fileRef = 2BC5FF5852B17B95149A898F /* HomeViewInput.swift */; };
		D1ADEFFE7BFB7D70EB3D93CC /* HomeInteractor.swift in Sources */ = {isa = PBXBuildFile; fileRef = 6CB4744502F5EF99732C1654 /* HomeInteractor.swift */; };
		E43C5EA482A45BA84EFF7B11 /* HomeViewOutput.swift in Sources */ = {isa = PBXBuildFile; fileRef = 5D25CFF11DDB1BE4C7D9065F /* HomeViewOutput.swift */; };
		FCF9F911207EFA00E2C0274F /* HomeInteractorOutput.swift in Sources */ = {isa = PBXBuildFile; fileRef = 509E23C5E43C3A6EF64E2C65 /* HomeInteractorOutput.swift */; };
/* End PBXBuildFile section */

/* Begin PBXContainerItemProxy section */
		A69884C02C10E02B00170E90 /* PBXContainerItemProxy */ = {
			isa = PBXContainerItemProxy;
			containerPortal = A69884A12C10E02900170E90 /* Project object */;
			proxyType = 1;
			remoteGlobalIDString = A69884A82C10E02900170E90;
			remoteInfo = IntercamTest;
		};
		A69884CA2C10E02B00170E90 /* PBXContainerItemProxy */ = {
			isa = PBXContainerItemProxy;
			containerPortal = A69884A12C10E02900170E90 /* Project object */;
			proxyType = 1;
			remoteGlobalIDString = A69884A82C10E02900170E90;
			remoteInfo = IntercamTest;
		};
/* End PBXContainerItemProxy section */

/* Begin PBXFileReference section */
		0E8891A7A3FBAC86663598FA /* HomePresenter.swift */ = {isa = PBXFileReference; includeInIndex = 1; lastKnownFileType = sourcecode.swift; path = HomePresenter.swift; sourceTree = "<group>"; };
		133F3CAEF94052A570E64B18 /* HomeInitializer.swift */ = {isa = PBXFileReference; includeInIndex = 1; lastKnownFileType = sourcecode.swift; path = HomeInitializer.swift; sourceTree = "<group>"; };
		1FCBEC597105BE803BED04A8 /* HomeViewController.swift */ = {isa = PBXFileReference; includeInIndex = 1; lastKnownFileType = sourcecode.swift; path = HomeViewController.swift; sourceTree = "<group>"; };
		2BC5FF5852B17B95149A898F /* HomeViewInput.swift */ = {isa = PBXFileReference; includeInIndex = 1; lastKnownFileType = sourcecode.swift; path = HomeViewInput.swift; sourceTree = "<group>"; };
		509E23C5E43C3A6EF64E2C65 /* HomeInteractorOutput.swift */ = {isa = PBXFileReference; includeInIndex = 1; lastKnownFileType = sourcecode.swift; path = HomeInteractorOutput.swift; sourceTree = "<group>"; };
		5D25CFF11DDB1BE4C7D9065F /* HomeViewOutput.swift */ = {isa = PBXFileReference; includeInIndex = 1; lastKnownFileType = sourcecode.swift; path = HomeViewOutput.swift; sourceTree = "<group>"; };
		6CB4744502F5EF99732C1654 /* HomeInteractor.swift */ = {isa = PBXFileReference; includeInIndex = 1; lastKnownFileType = sourcecode.swift; path = HomeInteractor.swift; sourceTree = "<group>"; };
		9401EC0CEAD450A1EBA5C0D3 /* HomeModuleInput.swift */ = {isa = PBXFileReference; includeInIndex = 1; lastKnownFileType = sourcecode.swift; path = HomeModuleInput.swift; sourceTree = "<group>"; };
		97056052DE5C34614943758B /* HomeConfigurator.swift */ = {isa = PBXFileReference; includeInIndex = 1; lastKnownFileType = sourcecode.swift; path = HomeConfigurator.swift; sourceTree = "<group>"; };
		A69884A92C10E02900170E90 /* IntercamTest.app */ = {isa = PBXFileReference; explicitFileType = wrapper.application; includeInIndex = 0; path = IntercamTest.app; sourceTree = BUILT_PRODUCTS_DIR; };
		A69884AC2C10E02900170E90 /* AppDelegate.swift */ = {isa = PBXFileReference; lastKnownFileType = sourcecode.swift; path = AppDelegate.swift; sourceTree = "<group>"; };
		A69884AE2C10E02900170E90 /* SceneDelegate.swift */ = {isa = PBXFileReference; lastKnownFileType = sourcecode.swift; path = SceneDelegate.swift; sourceTree = "<group>"; };
		A69884B02C10E02900170E90 /* ViewController.swift */ = {isa = PBXFileReference; lastKnownFileType = sourcecode.swift; path = ViewController.swift; sourceTree = "<group>"; };
		A69884B32C10E02900170E90 /* Base */ = {isa = PBXFileReference; lastKnownFileType = file.storyboard; name = Base; path = Base.lproj/Main.storyboard; sourceTree = "<group>"; };
		A69884B52C10E02B00170E90 /* Assets.xcassets */ = {isa = PBXFileReference; lastKnownFileType = folder.assetcatalog; path = Assets.xcassets; sourceTree = "<group>"; };
		A69884B82C10E02B00170E90 /* Base */ = {isa = PBXFileReference; lastKnownFileType = file.storyboard; name = Base; path = Base.lproj/LaunchScreen.storyboard; sourceTree = "<group>"; };
		A69884BA2C10E02B00170E90 /* Info.plist */ = {isa = PBXFileReference; lastKnownFileType = text.plist.xml; path = Info.plist; sourceTree = "<group>"; };
		A69884BF2C10E02B00170E90 /* IntercamTestTests.xctest */ = {isa = PBXFileReference; explicitFileType = wrapper.cfbundle; includeInIndex = 0; path = IntercamTestTests.xctest; sourceTree = BUILT_PRODUCTS_DIR; };
		A69884C32C10E02B00170E90 /* IntercamTestTests.swift */ = {isa = PBXFileReference; lastKnownFileType = sourcecode.swift; path = IntercamTestTests.swift; sourceTree = "<group>"; };
		A69884C92C10E02B00170E90 /* IntercamTestUITests.xctest */ = {isa = PBXFileReference; explicitFileType = wrapper.cfbundle; includeInIndex = 0; path = IntercamTestUITests.xctest; sourceTree = BUILT_PRODUCTS_DIR; };
		A69884CD2C10E02B00170E90 /* IntercamTestUITests.swift */ = {isa = PBXFileReference; lastKnownFileType = sourcecode.swift; path = IntercamTestUITests.swift; sourceTree = "<group>"; };
		A69884CF2C10E02B00170E90 /* IntercamTestUITestsLaunchTests.swift */ = {isa = PBXFileReference; lastKnownFileType = sourcecode.swift; path = IntercamTestUITestsLaunchTests.swift; sourceTree = "<group>"; };
		A69884E52C10F4CB00170E90 /* Coortinator.swift */ = {isa = PBXFileReference; lastKnownFileType = sourcecode.swift; path = Coortinator.swift; sourceTree = "<group>"; };
		A69884E72C10F54100170E90 /* MainCoordinator.swift */ = {isa = PBXFileReference; lastKnownFileType = sourcecode.swift; path = MainCoordinator.swift; sourceTree = "<group>"; };
		A69884EA2C11028900170E90 /* Colors.xcassets */ = {isa = PBXFileReference; lastKnownFileType = folder.assetcatalog; path = Colors.xcassets; sourceTree = "<group>"; };
		A69884ED2C1102F900170E90 /* Color.swift */ = {isa = PBXFileReference; lastKnownFileType = sourcecode.swift; path = Color.swift; sourceTree = "<group>"; };
		A69884F02C1103A800170E90 /* UIColor+Extension.swift */ = {isa = PBXFileReference; lastKnownFileType = sourcecode.swift; path = "UIColor+Extension.swift"; sourceTree = "<group>"; };
		A69884F32C112EC400170E90 /* LocationServiceDelegate.swift */ = {isa = PBXFileReference; lastKnownFileType = sourcecode.swift; path = LocationServiceDelegate.swift; sourceTree = "<group>"; };
		A69884F52C112EDC00170E90 /* LocationService.swift */ = {isa = PBXFileReference; lastKnownFileType = sourcecode.swift; path = LocationService.swift; sourceTree = "<group>"; };
		E11D6607565E34C18E264ABB /* HomeRouterInput.swift */ = {isa = PBXFileReference; includeInIndex = 1; lastKnownFileType = sourcecode.swift; path = HomeRouterInput.swift; sourceTree = "<group>"; };
		E5A7E7BED870277327F22A15 /* HomeInteractorInput.swift */ = {isa = PBXFileReference; includeInIndex = 1; lastKnownFileType = sourcecode.swift; path = HomeInteractorInput.swift; sourceTree = "<group>"; };
		F46B01E4EB4BDB140C17F75C /* HomeRouter.swift */ = {isa = PBXFileReference; includeInIndex = 1; lastKnownFileType = sourcecode.swift; path = HomeRouter.swift; sourceTree = "<group>"; };
/* End PBXFileReference section */

/* Begin PBXFrameworksBuildPhase section */
		A69884A62C10E02900170E90 /* Frameworks */ = {
			isa = PBXFrameworksBuildPhase;
			buildActionMask = 2147483647;
			files = (
			);
			runOnlyForDeploymentPostprocessing = 0;
		};
		A69884BC2C10E02B00170E90 /* Frameworks */ = {
			isa = PBXFrameworksBuildPhase;
			buildActionMask = 2147483647;
			files = (
			);
			runOnlyForDeploymentPostprocessing = 0;
		};
		A69884C62C10E02B00170E90 /* Frameworks */ = {
			isa = PBXFrameworksBuildPhase;
			buildActionMask = 2147483647;
			files = (
			);
			runOnlyForDeploymentPostprocessing = 0;
		};
/* End PBXFrameworksBuildPhase section */

/* Begin PBXGroup section */
		368902F099FF739794EE5721 /* Configurator */ = {
			isa = PBXGroup;
			children = (
				97056052DE5C34614943758B /* HomeConfigurator.swift */,
				133F3CAEF94052A570E64B18 /* HomeInitializer.swift */,
			);
			path = Configurator;
			sourceTree = "<group>";
		};
		39F210B094B75E4D598570E2 /* Router */ = {
			isa = PBXGroup;
			children = (
				E11D6607565E34C18E264ABB /* HomeRouterInput.swift */,
				F46B01E4EB4BDB140C17F75C /* HomeRouter.swift */,
			);
			path = Router;
			sourceTree = "<group>";
		};
		75D99303414F2C4BA98210E8 /* Home */ = {
			isa = PBXGroup;
			children = (
				A69884E12C10F1C000170E90 /* Application Logic */,
				A69884E22C10F1D900170E90 /* User Interface */,
			);
			path = Home;
			sourceTree = "<group>";
		};
		A691DC0E4D99D2E876F08D47 /* Interactor */ = {
			isa = PBXGroup;
			children = (
				6CB4744502F5EF99732C1654 /* HomeInteractor.swift */,
				E5A7E7BED870277327F22A15 /* HomeInteractorInput.swift */,
				509E23C5E43C3A6EF64E2C65 /* HomeInteractorOutput.swift */,
			);
			path = Interactor;
			sourceTree = "<group>";
		};
		A69884A02C10E02900170E90 = {
			isa = PBXGroup;
			children = (
				A69884AB2C10E02900170E90 /* IntercamTest */,
				A69884C22C10E02B00170E90 /* IntercamTestTests */,
				A69884CC2C10E02B00170E90 /* IntercamTestUITests */,
				A69884AA2C10E02900170E90 /* Products */,
			);
			sourceTree = "<group>";
		};
		A69884AA2C10E02900170E90 /* Products */ = {
			isa = PBXGroup;
			children = (
				A69884A92C10E02900170E90 /* IntercamTest.app */,
				A69884BF2C10E02B00170E90 /* IntercamTestTests.xctest */,
				A69884C92C10E02B00170E90 /* IntercamTestUITests.xctest */,
			);
			name = Products;
			sourceTree = "<group>";
		};
		A69884AB2C10E02900170E90 /* IntercamTest */ = {
			isa = PBXGroup;
			children = (
				A69884DE2C10E0E400170E90 /* AppSettings */,
				A69884DD2C10E0DF00170E90 /* Screens */,
				A69884E32C10F4A900170E90 /* Common */,
				A69884DC2C10E0D900170E90 /* Resources */,
			);
			path = IntercamTest;
			sourceTree = "<group>";
		};
		A69884C22C10E02B00170E90 /* IntercamTestTests */ = {
			isa = PBXGroup;
			children = (
				A69884C32C10E02B00170E90 /* IntercamTestTests.swift */,
			);
			path = IntercamTestTests;
			sourceTree = "<group>";
		};
		A69884CC2C10E02B00170E90 /* IntercamTestUITests */ = {
			isa = PBXGroup;
			children = (
				A69884CD2C10E02B00170E90 /* IntercamTestUITests.swift */,
				A69884CF2C10E02B00170E90 /* IntercamTestUITestsLaunchTests.swift */,
			);
			path = IntercamTestUITests;
			sourceTree = "<group>";
		};
		A69884DC2C10E0D900170E90 /* Resources */ = {
			isa = PBXGroup;
			children = (
				A69884B52C10E02B00170E90 /* Assets.xcassets */,
				A69884EA2C11028900170E90 /* Colors.xcassets */,
			);
			path = Resources;
			sourceTree = "<group>";
		};
		A69884DD2C10E0DF00170E90 /* Screens */ = {
			isa = PBXGroup;
			children = (
				A69884DF2C10E11E00170E90 /* Storyboards */,
				A69884E02C10E5F000170E90 /* Front */,
				A69884B02C10E02900170E90 /* ViewController.swift */,
			);
			path = Screens;
			sourceTree = "<group>";
		};
		A69884DE2C10E0E400170E90 /* AppSettings */ = {
			isa = PBXGroup;
			children = (
				A69884AC2C10E02900170E90 /* AppDelegate.swift */,
				A69884AE2C10E02900170E90 /* SceneDelegate.swift */,
				A69884BA2C10E02B00170E90 /* Info.plist */,
			);
			path = AppSettings;
			sourceTree = "<group>";
		};
		A69884DF2C10E11E00170E90 /* Storyboards */ = {
			isa = PBXGroup;
			children = (
				A69884B72C10E02B00170E90 /* LaunchScreen.storyboard */,
				A69884B22C10E02900170E90 /* Main.storyboard */,
			);
			path = Storyboards;
			sourceTree = "<group>";
		};
		A69884E02C10E5F000170E90 /* Front */ = {
			isa = PBXGroup;
			children = (
				75D99303414F2C4BA98210E8 /* Home */,
			);
			path = Front;
			sourceTree = "<group>";
		};
		A69884E12C10F1C000170E90 /* Application Logic */ = {
			isa = PBXGroup;
			children = (
				A691DC0E4D99D2E876F08D47 /* Interactor */,
				368902F099FF739794EE5721 /* Configurator */,
			);
			path = "Application Logic";
			sourceTree = "<group>";
		};
		A69884E22C10F1D900170E90 /* User Interface */ = {
			isa = PBXGroup;
			children = (
				DEF2B871E0D31149676F5F59 /* View */,
				CE069F15FCCF88C12A19555F /* Presenter */,
				39F210B094B75E4D598570E2 /* Router */,
			);
			path = "User Interface";
			sourceTree = "<group>";
		};
		A69884E32C10F4A900170E90 /* Common */ = {
			isa = PBXGroup;
			children = (
				A69884F22C112EA600170E90 /* Geolocation */,
				A69884EF2C11039900170E90 /* Extension */,
				A69884E42C10F4B900170E90 /* Coordinators */,
				A69884ED2C1102F900170E90 /* Color.swift */,
			);
			path = Common;
			sourceTree = "<group>";
		};
		A69884E42C10F4B900170E90 /* Coordinators */ = {
			isa = PBXGroup;
			children = (
				A69884E52C10F4CB00170E90 /* Coortinator.swift */,
				A69884E72C10F54100170E90 /* MainCoordinator.swift */,
			);
			path = Coordinators;
			sourceTree = "<group>";
		};
		A69884EF2C11039900170E90 /* Extension */ = {
			isa = PBXGroup;
			children = (
				A69884F02C1103A800170E90 /* UIColor+Extension.swift */,
			);
			path = Extension;
			sourceTree = "<group>";
		};
		A69884F22C112EA600170E90 /* Geolocation */ = {
			isa = PBXGroup;
			children = (
				A69884F32C112EC400170E90 /* LocationServiceDelegate.swift */,
				A69884F52C112EDC00170E90 /* LocationService.swift */,
			);
			path = Geolocation;
			sourceTree = "<group>";
		};
		CE069F15FCCF88C12A19555F /* Presenter */ = {
			isa = PBXGroup;
			children = (
				9401EC0CEAD450A1EBA5C0D3 /* HomeModuleInput.swift */,
				0E8891A7A3FBAC86663598FA /* HomePresenter.swift */,
			);
			path = Presenter;
			sourceTree = "<group>";
		};
		DEF2B871E0D31149676F5F59 /* View */ = {
			isa = PBXGroup;
			children = (
				2BC5FF5852B17B95149A898F /* HomeViewInput.swift */,
				5D25CFF11DDB1BE4C7D9065F /* HomeViewOutput.swift */,
				1FCBEC597105BE803BED04A8 /* HomeViewController.swift */,
			);
			path = View;
			sourceTree = "<group>";
		};
/* End PBXGroup section */

/* Begin PBXNativeTarget section */
		A69884A82C10E02900170E90 /* IntercamTest */ = {
			isa = PBXNativeTarget;
			buildConfigurationList = A69884D32C10E02B00170E90 /* Build configuration list for PBXNativeTarget "IntercamTest" */;
			buildPhases = (
				A69884A52C10E02900170E90 /* Sources */,
				A69884A62C10E02900170E90 /* Frameworks */,
				A69884A72C10E02900170E90 /* Resources */,
			);
			buildRules = (
			);
			dependencies = (
			);
			name = IntercamTest;
			productName = IntercamTest;
			productReference = A69884A92C10E02900170E90 /* IntercamTest.app */;
			productType = "com.apple.product-type.application";
		};
		A69884BE2C10E02B00170E90 /* IntercamTestTests */ = {
			isa = PBXNativeTarget;
			buildConfigurationList = A69884D62C10E02B00170E90 /* Build configuration list for PBXNativeTarget "IntercamTestTests" */;
			buildPhases = (
				A69884BB2C10E02B00170E90 /* Sources */,
				A69884BC2C10E02B00170E90 /* Frameworks */,
				A69884BD2C10E02B00170E90 /* Resources */,
			);
			buildRules = (
			);
			dependencies = (
				A69884C12C10E02B00170E90 /* PBXTargetDependency */,
			);
			name = IntercamTestTests;
			productName = IntercamTestTests;
			productReference = A69884BF2C10E02B00170E90 /* IntercamTestTests.xctest */;
			productType = "com.apple.product-type.bundle.unit-test";
		};
		A69884C82C10E02B00170E90 /* IntercamTestUITests */ = {
			isa = PBXNativeTarget;
			buildConfigurationList = A69884D92C10E02B00170E90 /* Build configuration list for PBXNativeTarget "IntercamTestUITests" */;
			buildPhases = (
				A69884C52C10E02B00170E90 /* Sources */,
				A69884C62C10E02B00170E90 /* Frameworks */,
				A69884C72C10E02B00170E90 /* Resources */,
			);
			buildRules = (
			);
			dependencies = (
				A69884CB2C10E02B00170E90 /* PBXTargetDependency */,
			);
			name = IntercamTestUITests;
			productName = IntercamTestUITests;
			productReference = A69884C92C10E02B00170E90 /* IntercamTestUITests.xctest */;
			productType = "com.apple.product-type.bundle.ui-testing";
		};
/* End PBXNativeTarget section */

/* Begin PBXProject section */
		A69884A12C10E02900170E90 /* Project object */ = {
			isa = PBXProject;
			attributes = {
				BuildIndependentTargetsInParallel = 1;
				LastSwiftUpdateCheck = 1530;
				LastUpgradeCheck = 1530;
				TargetAttributes = {
					A69884A82C10E02900170E90 = {
						CreatedOnToolsVersion = 15.3;
					};
					A69884BE2C10E02B00170E90 = {
						CreatedOnToolsVersion = 15.3;
						TestTargetID = A69884A82C10E02900170E90;
					};
					A69884C82C10E02B00170E90 = {
						CreatedOnToolsVersion = 15.3;
						TestTargetID = A69884A82C10E02900170E90;
					};
				};
			};
			buildConfigurationList = A69884A42C10E02900170E90 /* Build configuration list for PBXProject "IntercamTest" */;
			compatibilityVersion = "Xcode 14.0";
			developmentRegion = en;
			hasScannedForEncodings = 0;
			knownRegions = (
				en,
				Base,
			);
			mainGroup = A69884A02C10E02900170E90;
			productRefGroup = A69884AA2C10E02900170E90 /* Products */;
			projectDirPath = "";
			projectRoot = "";
			targets = (
				A69884A82C10E02900170E90 /* IntercamTest */,
				A69884BE2C10E02B00170E90 /* IntercamTestTests */,
				A69884C82C10E02B00170E90 /* IntercamTestUITests */,
			);
		};
/* End PBXProject section */

/* Begin PBXResourcesBuildPhase section */
		A69884A72C10E02900170E90 /* Resources */ = {
			isa = PBXResourcesBuildPhase;
			buildActionMask = 2147483647;
			files = (
				A69884B62C10E02B00170E90 /* Assets.xcassets in Resources */,
				A69884EB2C11028900170E90 /* Colors.xcassets in Resources */,
				A69884B92C10E02B00170E90 /* Base in Resources */,
				A69884B42C10E02900170E90 /* Base in Resources */,
			);
			runOnlyForDeploymentPostprocessing = 0;
		};
		A69884BD2C10E02B00170E90 /* Resources */ = {
			isa = PBXResourcesBuildPhase;
			buildActionMask = 2147483647;
			files = (
			);
			runOnlyForDeploymentPostprocessing = 0;
		};
		A69884C72C10E02B00170E90 /* Resources */ = {
			isa = PBXResourcesBuildPhase;
			buildActionMask = 2147483647;
			files = (
			);
			runOnlyForDeploymentPostprocessing = 0;
		};
/* End PBXResourcesBuildPhase section */

/* Begin PBXSourcesBuildPhase section */
		A69884A52C10E02900170E90 /* Sources */ = {
			isa = PBXSourcesBuildPhase;
			buildActionMask = 2147483647;
			files = (
				A69884E82C10F54100170E90 /* MainCoordinator.swift in Sources */,
				A69884F12C1103A800170E90 /* UIColor+Extension.swift in Sources */,
				A69884F42C112EC400170E90 /* LocationServiceDelegate.swift in Sources */,
				A69884EE2C1102F900170E90 /* Color.swift in Sources */,
				A69884E62C10F4CB00170E90 /* Coortinator.swift in Sources */,
				A69884B12C10E02900170E90 /* ViewController.swift in Sources */,
				A69884AD2C10E02900170E90 /* AppDelegate.swift in Sources */,
				A69884AF2C10E02900170E90 /* SceneDelegate.swift in Sources */,
				C8F768F987B13721627F6C4F /* HomeViewInput.swift in Sources */,
				E43C5EA482A45BA84EFF7B11 /* HomeViewOutput.swift in Sources */,
				9486D53C83EDDA709733D3C9 /* HomeViewController.swift in Sources */,
				51524CBCA2C9598401B2F774 /* HomeModuleInput.swift in Sources */,
				B71CEC4FE23443300A3BE53F /* HomePresenter.swift in Sources */,
				323B6E872698432C8D230D09 /* HomeInteractorInput.swift in Sources */,
				FCF9F911207EFA00E2C0274F /* HomeInteractorOutput.swift in Sources */,
				D1ADEFFE7BFB7D70EB3D93CC /* HomeInteractor.swift in Sources */,
				5E405CE07593BBED9E5E41F3 /* HomeRouterInput.swift in Sources */,
				6AEF7882E132317BB44075FD /* HomeRouter.swift in Sources */,
				A69884F62C112EDC00170E90 /* LocationService.swift in Sources */,
				BE582FC929CE172EDA683138 /* HomeConfigurator.swift in Sources */,
				A727A9391B56C4D61C6283AF /* HomeInitializer.swift in Sources */,
			);
			runOnlyForDeploymentPostprocessing = 0;
		};
		A69884BB2C10E02B00170E90 /* Sources */ = {
			isa = PBXSourcesBuildPhase;
			buildActionMask = 2147483647;
			files = (
				A69884C42C10E02B00170E90 /* IntercamTestTests.swift in Sources */,
			);
			runOnlyForDeploymentPostprocessing = 0;
		};
		A69884C52C10E02B00170E90 /* Sources */ = {
			isa = PBXSourcesBuildPhase;
			buildActionMask = 2147483647;
			files = (
				A69884CE2C10E02B00170E90 /* IntercamTestUITests.swift in Sources */,
				A69884D02C10E02B00170E90 /* IntercamTestUITestsLaunchTests.swift in Sources */,
			);
			runOnlyForDeploymentPostprocessing = 0;
		};
/* End PBXSourcesBuildPhase section */

/* Begin PBXTargetDependency section */
		A69884C12C10E02B00170E90 /* PBXTargetDependency */ = {
			isa = PBXTargetDependency;
			target = A69884A82C10E02900170E90 /* IntercamTest */;
			targetProxy = A69884C02C10E02B00170E90 /* PBXContainerItemProxy */;
		};
		A69884CB2C10E02B00170E90 /* PBXTargetDependency */ = {
			isa = PBXTargetDependency;
			target = A69884A82C10E02900170E90 /* IntercamTest */;
			targetProxy = A69884CA2C10E02B00170E90 /* PBXContainerItemProxy */;
		};
/* End PBXTargetDependency section */

/* Begin PBXVariantGroup section */
		A69884B22C10E02900170E90 /* Main.storyboard */ = {
			isa = PBXVariantGroup;
			children = (
				A69884B32C10E02900170E90 /* Base */,
			);
			name = Main.storyboard;
			sourceTree = "<group>";
		};
		A69884B72C10E02B00170E90 /* LaunchScreen.storyboard */ = {
			isa = PBXVariantGroup;
			children = (
				A69884B82C10E02B00170E90 /* Base */,
			);
			name = LaunchScreen.storyboard;
			sourceTree = "<group>";
		};
/* End PBXVariantGroup section */

/* Begin XCBuildConfiguration section */
		A69884D12C10E02B00170E90 /* Debug */ = {
			isa = XCBuildConfiguration;
			buildSettings = {
				ALWAYS_SEARCH_USER_PATHS = NO;
				ASSETCATALOG_COMPILER_GENERATE_SWIFT_ASSET_SYMBOL_EXTENSIONS = YES;
				CLANG_ANALYZER_NONNULL = YES;
				CLANG_ANALYZER_NUMBER_OBJECT_CONVERSION = YES_AGGRESSIVE;
				CLANG_CXX_LANGUAGE_STANDARD = "gnu++20";
				CLANG_ENABLE_MODULES = YES;
				CLANG_ENABLE_OBJC_ARC = YES;
				CLANG_ENABLE_OBJC_WEAK = YES;
				CLANG_WARN_BLOCK_CAPTURE_AUTORELEASING = YES;
				CLANG_WARN_BOOL_CONVERSION = YES;
				CLANG_WARN_COMMA = YES;
				CLANG_WARN_CONSTANT_CONVERSION = YES;
				CLANG_WARN_DEPRECATED_OBJC_IMPLEMENTATIONS = YES;
				CLANG_WARN_DIRECT_OBJC_ISA_USAGE = YES_ERROR;
				CLANG_WARN_DOCUMENTATION_COMMENTS = YES;
				CLANG_WARN_EMPTY_BODY = YES;
				CLANG_WARN_ENUM_CONVERSION = YES;
				CLANG_WARN_INFINITE_RECURSION = YES;
				CLANG_WARN_INT_CONVERSION = YES;
				CLANG_WARN_NON_LITERAL_NULL_CONVERSION = YES;
				CLANG_WARN_OBJC_IMPLICIT_RETAIN_SELF = YES;
				CLANG_WARN_OBJC_LITERAL_CONVERSION = YES;
				CLANG_WARN_OBJC_ROOT_CLASS = YES_ERROR;
				CLANG_WARN_QUOTED_INCLUDE_IN_FRAMEWORK_HEADER = YES;
				CLANG_WARN_RANGE_LOOP_ANALYSIS = YES;
				CLANG_WARN_STRICT_PROTOTYPES = YES;
				CLANG_WARN_SUSPICIOUS_MOVE = YES;
				CLANG_WARN_UNGUARDED_AVAILABILITY = YES_AGGRESSIVE;
				CLANG_WARN_UNREACHABLE_CODE = YES;
				CLANG_WARN__DUPLICATE_METHOD_MATCH = YES;
				COPY_PHASE_STRIP = NO;
				DEBUG_INFORMATION_FORMAT = dwarf;
				ENABLE_STRICT_OBJC_MSGSEND = YES;
				ENABLE_TESTABILITY = YES;
				ENABLE_USER_SCRIPT_SANDBOXING = YES;
				GCC_C_LANGUAGE_STANDARD = gnu17;
				GCC_DYNAMIC_NO_PIC = NO;
				GCC_NO_COMMON_BLOCKS = YES;
				GCC_OPTIMIZATION_LEVEL = 0;
				GCC_PREPROCESSOR_DEFINITIONS = (
					"DEBUG=1",
					"$(inherited)",
				);
				GCC_WARN_64_TO_32_BIT_CONVERSION = YES;
				GCC_WARN_ABOUT_RETURN_TYPE = YES_ERROR;
				GCC_WARN_UNDECLARED_SELECTOR = YES;
				GCC_WARN_UNINITIALIZED_AUTOS = YES_AGGRESSIVE;
				GCC_WARN_UNUSED_FUNCTION = YES;
				GCC_WARN_UNUSED_VARIABLE = YES;
				IPHONEOS_DEPLOYMENT_TARGET = 15.0;
				LOCALIZATION_PREFERS_STRING_CATALOGS = YES;
				MTL_ENABLE_DEBUG_INFO = INCLUDE_SOURCE;
				MTL_FAST_MATH = YES;
				ONLY_ACTIVE_ARCH = YES;
				SDKROOT = iphoneos;
				SWIFT_ACTIVE_COMPILATION_CONDITIONS = "DEBUG $(inherited)";
				SWIFT_OPTIMIZATION_LEVEL = "-Onone";
			};
			name = Debug;
		};
		A69884D22C10E02B00170E90 /* Release */ = {
			isa = XCBuildConfiguration;
			buildSettings = {
				ALWAYS_SEARCH_USER_PATHS = NO;
				ASSETCATALOG_COMPILER_GENERATE_SWIFT_ASSET_SYMBOL_EXTENSIONS = YES;
				CLANG_ANALYZER_NONNULL = YES;
				CLANG_ANALYZER_NUMBER_OBJECT_CONVERSION = YES_AGGRESSIVE;
				CLANG_CXX_LANGUAGE_STANDARD = "gnu++20";
				CLANG_ENABLE_MODULES = YES;
				CLANG_ENABLE_OBJC_ARC = YES;
				CLANG_ENABLE_OBJC_WEAK = YES;
				CLANG_WARN_BLOCK_CAPTURE_AUTORELEASING = YES;
				CLANG_WARN_BOOL_CONVERSION = YES;
				CLANG_WARN_COMMA = YES;
				CLANG_WARN_CONSTANT_CONVERSION = YES;
				CLANG_WARN_DEPRECATED_OBJC_IMPLEMENTATIONS = YES;
				CLANG_WARN_DIRECT_OBJC_ISA_USAGE = YES_ERROR;
				CLANG_WARN_DOCUMENTATION_COMMENTS = YES;
				CLANG_WARN_EMPTY_BODY = YES;
				CLANG_WARN_ENUM_CONVERSION = YES;
				CLANG_WARN_INFINITE_RECURSION = YES;
				CLANG_WARN_INT_CONVERSION = YES;
				CLANG_WARN_NON_LITERAL_NULL_CONVERSION = YES;
				CLANG_WARN_OBJC_IMPLICIT_RETAIN_SELF = YES;
				CLANG_WARN_OBJC_LITERAL_CONVERSION = YES;
				CLANG_WARN_OBJC_ROOT_CLASS = YES_ERROR;
				CLANG_WARN_QUOTED_INCLUDE_IN_FRAMEWORK_HEADER = YES;
				CLANG_WARN_RANGE_LOOP_ANALYSIS = YES;
				CLANG_WARN_STRICT_PROTOTYPES = YES;
				CLANG_WARN_SUSPICIOUS_MOVE = YES;
				CLANG_WARN_UNGUARDED_AVAILABILITY = YES_AGGRESSIVE;
				CLANG_WARN_UNREACHABLE_CODE = YES;
				CLANG_WARN__DUPLICATE_METHOD_MATCH = YES;
				COPY_PHASE_STRIP = NO;
				DEBUG_INFORMATION_FORMAT = "dwarf-with-dsym";
				ENABLE_NS_ASSERTIONS = NO;
				ENABLE_STRICT_OBJC_MSGSEND = YES;
				ENABLE_USER_SCRIPT_SANDBOXING = YES;
				GCC_C_LANGUAGE_STANDARD = gnu17;
				GCC_NO_COMMON_BLOCKS = YES;
				GCC_WARN_64_TO_32_BIT_CONVERSION = YES;
				GCC_WARN_ABOUT_RETURN_TYPE = YES_ERROR;
				GCC_WARN_UNDECLARED_SELECTOR = YES;
				GCC_WARN_UNINITIALIZED_AUTOS = YES_AGGRESSIVE;
				GCC_WARN_UNUSED_FUNCTION = YES;
				GCC_WARN_UNUSED_VARIABLE = YES;
				IPHONEOS_DEPLOYMENT_TARGET = 15.0;
				LOCALIZATION_PREFERS_STRING_CATALOGS = YES;
				MTL_ENABLE_DEBUG_INFO = NO;
				MTL_FAST_MATH = YES;
				SDKROOT = iphoneos;
				SWIFT_COMPILATION_MODE = wholemodule;
				VALIDATE_PRODUCT = YES;
			};
			name = Release;
		};
		A69884D42C10E02B00170E90 /* Debug */ = {
			isa = XCBuildConfiguration;
			buildSettings = {
				ASSETCATALOG_COMPILER_APPICON_NAME = AppIcon;
				ASSETCATALOG_COMPILER_GLOBAL_ACCENT_COLOR_NAME = AccentColor;
				CODE_SIGN_STYLE = Automatic;
				CURRENT_PROJECT_VERSION = 1;
				DEVELOPMENT_TEAM = ZJJ275SY3R;
				GENERATE_INFOPLIST_FILE = YES;
				INFOPLIST_FILE = IntercamTest/AppSettings/Info.plist;
				INFOPLIST_KEY_CFBundleDisplayName = Aeropuertos;
				INFOPLIST_KEY_LSApplicationCategoryType = "public.app-category.travel";
				INFOPLIST_KEY_UIApplicationSupportsIndirectInputEvents = YES;
				INFOPLIST_KEY_UILaunchStoryboardName = LaunchScreen;
				INFOPLIST_KEY_UIMainStoryboardFile = Main;
				INFOPLIST_KEY_UISupportedInterfaceOrientations_iPad = "UIInterfaceOrientationPortrait UIInterfaceOrientationPortraitUpsideDown UIInterfaceOrientationLandscapeLeft UIInterfaceOrientationLandscapeRight";
				INFOPLIST_KEY_UISupportedInterfaceOrientations_iPhone = "UIInterfaceOrientationPortrait UIInterfaceOrientationLandscapeLeft UIInterfaceOrientationLandscapeRight";
				IPHONEOS_DEPLOYMENT_TARGET = 15.0;
				LD_RUNPATH_SEARCH_PATHS = (
					"$(inherited)",
					"@executable_path/Frameworks",
				);
				MARKETING_VERSION = 1.0;
				PRODUCT_BUNDLE_IDENTIFIER = com.cristianpb.IntercamTest;
				PRODUCT_NAME = "$(TARGET_NAME)";
				SWIFT_EMIT_LOC_STRINGS = YES;
				SWIFT_VERSION = 5.0;
				TARGETED_DEVICE_FAMILY = "1,2";
			};
			name = Debug;
		};
		A69884D52C10E02B00170E90 /* Release */ = {
			isa = XCBuildConfiguration;
			buildSettings = {
				ASSETCATALOG_COMPILER_APPICON_NAME = AppIcon;
				ASSETCATALOG_COMPILER_GLOBAL_ACCENT_COLOR_NAME = AccentColor;
				CODE_SIGN_STYLE = Automatic;
				CURRENT_PROJECT_VERSION = 1;
				DEVELOPMENT_TEAM = ZJJ275SY3R;
				GENERATE_INFOPLIST_FILE = YES;
				INFOPLIST_FILE = IntercamTest/AppSettings/Info.plist;
				INFOPLIST_KEY_CFBundleDisplayName = Aeropuertos;
				INFOPLIST_KEY_LSApplicationCategoryType = "public.app-category.travel";
				INFOPLIST_KEY_UIApplicationSupportsIndirectInputEvents = YES;
				INFOPLIST_KEY_UILaunchStoryboardName = LaunchScreen;
				INFOPLIST_KEY_UIMainStoryboardFile = Main;
				INFOPLIST_KEY_UISupportedInterfaceOrientations_iPad = "UIInterfaceOrientationPortrait UIInterfaceOrientationPortraitUpsideDown UIInterfaceOrientationLandscapeLeft UIInterfaceOrientationLandscapeRight";
				INFOPLIST_KEY_UISupportedInterfaceOrientations_iPhone = "UIInterfaceOrientationPortrait UIInterfaceOrientationLandscapeLeft UIInterfaceOrientationLandscapeRight";
				IPHONEOS_DEPLOYMENT_TARGET = 15.0;
				LD_RUNPATH_SEARCH_PATHS = (
					"$(inherited)",
					"@executable_path/Frameworks",
				);
				MARKETING_VERSION = 1.0;
				PRODUCT_BUNDLE_IDENTIFIER = com.cristianpb.IntercamTest;
				PRODUCT_NAME = "$(TARGET_NAME)";
				SWIFT_EMIT_LOC_STRINGS = YES;
				SWIFT_VERSION = 5.0;
				TARGETED_DEVICE_FAMILY = "1,2";
			};
			name = Release;
		};
		A69884D72C10E02B00170E90 /* Debug */ = {
			isa = XCBuildConfiguration;
			buildSettings = {
				ALWAYS_EMBED_SWIFT_STANDARD_LIBRARIES = YES;
				BUNDLE_LOADER = "$(TEST_HOST)";
				CODE_SIGN_STYLE = Automatic;
				CURRENT_PROJECT_VERSION = 1;
				DEVELOPMENT_TEAM = ZJJ275SY3R;
				GENERATE_INFOPLIST_FILE = YES;
				IPHONEOS_DEPLOYMENT_TARGET = 17.4;
				MARKETING_VERSION = 1.0;
				PRODUCT_BUNDLE_IDENTIFIER = com.cristianpb.IntercamTestTests;
				PRODUCT_NAME = "$(TARGET_NAME)";
				SWIFT_EMIT_LOC_STRINGS = NO;
				SWIFT_VERSION = 5.0;
				TARGETED_DEVICE_FAMILY = "1,2";
				TEST_HOST = "$(BUILT_PRODUCTS_DIR)/IntercamTest.app/$(BUNDLE_EXECUTABLE_FOLDER_PATH)/IntercamTest";
			};
			name = Debug;
		};
		A69884D82C10E02B00170E90 /* Release */ = {
			isa = XCBuildConfiguration;
			buildSettings = {
				ALWAYS_EMBED_SWIFT_STANDARD_LIBRARIES = YES;
				BUNDLE_LOADER = "$(TEST_HOST)";
				CODE_SIGN_STYLE = Automatic;
				CURRENT_PROJECT_VERSION = 1;
				DEVELOPMENT_TEAM = ZJJ275SY3R;
				GENERATE_INFOPLIST_FILE = YES;
				IPHONEOS_DEPLOYMENT_TARGET = 17.4;
				MARKETING_VERSION = 1.0;
				PRODUCT_BUNDLE_IDENTIFIER = com.cristianpb.IntercamTestTests;
				PRODUCT_NAME = "$(TARGET_NAME)";
				SWIFT_EMIT_LOC_STRINGS = NO;
				SWIFT_VERSION = 5.0;
				TARGETED_DEVICE_FAMILY = "1,2";
				TEST_HOST = "$(BUILT_PRODUCTS_DIR)/IntercamTest.app/$(BUNDLE_EXECUTABLE_FOLDER_PATH)/IntercamTest";
			};
			name = Release;
		};
		A69884DA2C10E02B00170E90 /* Debug */ = {
			isa = XCBuildConfiguration;
			buildSettings = {
				ALWAYS_EMBED_SWIFT_STANDARD_LIBRARIES = YES;
				CODE_SIGN_STYLE = Automatic;
				CURRENT_PROJECT_VERSION = 1;
				DEVELOPMENT_TEAM = ZJJ275SY3R;
				GENERATE_INFOPLIST_FILE = YES;
				MARKETING_VERSION = 1.0;
				PRODUCT_BUNDLE_IDENTIFIER = com.cristianpb.IntercamTestUITests;
				PRODUCT_NAME = "$(TARGET_NAME)";
				SWIFT_EMIT_LOC_STRINGS = NO;
				SWIFT_VERSION = 5.0;
				TARGETED_DEVICE_FAMILY = "1,2";
				TEST_TARGET_NAME = IntercamTest;
			};
			name = Debug;
		};
		A69884DB2C10E02B00170E90 /* Release */ = {
			isa = XCBuildConfiguration;
			buildSettings = {
				ALWAYS_EMBED_SWIFT_STANDARD_LIBRARIES = YES;
				CODE_SIGN_STYLE = Automatic;
				CURRENT_PROJECT_VERSION = 1;
				DEVELOPMENT_TEAM = ZJJ275SY3R;
				GENERATE_INFOPLIST_FILE = YES;
				MARKETING_VERSION = 1.0;
				PRODUCT_BUNDLE_IDENTIFIER = com.cristianpb.IntercamTestUITests;
				PRODUCT_NAME = "$(TARGET_NAME)";
				SWIFT_EMIT_LOC_STRINGS = NO;
				SWIFT_VERSION = 5.0;
				TARGETED_DEVICE_FAMILY = "1,2";
				TEST_TARGET_NAME = IntercamTest;
			};
			name = Release;
		};
/* End XCBuildConfiguration section */

/* Begin XCConfigurationList section */
		A69884A42C10E02900170E90 /* Build configuration list for PBXProject "IntercamTest" */ = {
			isa = XCConfigurationList;
			buildConfigurations = (
				A69884D12C10E02B00170E90 /* Debug */,
				A69884D22C10E02B00170E90 /* Release */,
			);
			defaultConfigurationIsVisible = 0;
			defaultConfigurationName = Release;
		};
		A69884D32C10E02B00170E90 /* Build configuration list for PBXNativeTarget "IntercamTest" */ = {
			isa = XCConfigurationList;
			buildConfigurations = (
				A69884D42C10E02B00170E90 /* Debug */,
				A69884D52C10E02B00170E90 /* Release */,
			);
			defaultConfigurationIsVisible = 0;
			defaultConfigurationName = Release;
		};
		A69884D62C10E02B00170E90 /* Build configuration list for PBXNativeTarget "IntercamTestTests" */ = {
			isa = XCConfigurationList;
			buildConfigurations = (
				A69884D72C10E02B00170E90 /* Debug */,
				A69884D82C10E02B00170E90 /* Release */,
			);
			defaultConfigurationIsVisible = 0;
			defaultConfigurationName = Release;
		};
		A69884D92C10E02B00170E90 /* Build configuration list for PBXNativeTarget "IntercamTestUITests" */ = {
			isa = XCConfigurationList;
			buildConfigurations = (
				A69884DA2C10E02B00170E90 /* Debug */,
				A69884DB2C10E02B00170E90 /* Release */,
			);
			defaultConfigurationIsVisible = 0;
			defaultConfigurationName = Release;
		};
/* End XCConfigurationList section */
	};
	rootObject = A69884A12C10E02900170E90 /* Project object */;
}
